// !$*UTF8*$!
{
	archiveVersion = 1;
	classes = {
	};
	objectVersion = 56;
	objects = {

/* Begin PBXBuildFile section */
		8B5C497729BA2C0800DC1CD7 /* PokemonAPIClient.swift in Sources */ = {isa = PBXBuildFile; fileRef = 8B5C497629BA2C0800DC1CD7 /* PokemonAPIClient.swift */; };
		8B5C497929BA2E4800DC1CD7 /* PokemonViewModel.swift in Sources */ = {isa = PBXBuildFile; fileRef = 8B5C497829BA2E4800DC1CD7 /* PokemonViewModel.swift */; };
		8B5C497E29BA39E000DC1CD7 /* ChartsView.swift in Sources */ = {isa = PBXBuildFile; fileRef = 8B5C497D29BA39E000DC1CD7 /* ChartsView.swift */; };
		8B8E910229CFFBDB00FA2BC2 /* APIError.swift in Sources */ = {isa = PBXBuildFile; fileRef = 8B8E910129CFFBDB00FA2BC2 /* APIError.swift */; };
		8BC3906229B716B500D243BB /* PokeDexAppApp.swift in Sources */ = {isa = PBXBuildFile; fileRef = 8BC3906129B716B500D243BB /* PokeDexAppApp.swift */; };
		8BC3906429B716B500D243BB /* PokemonListView.swift in Sources */ = {isa = PBXBuildFile; fileRef = 8BC3906329B716B500D243BB /* PokemonListView.swift */; };
		8BC3906629B716B600D243BB /* Assets.xcassets in Resources */ = {isa = PBXBuildFile; fileRef = 8BC3906529B716B600D243BB /* Assets.xcassets */; };
		8BC3906929B716B600D243BB /* Preview Assets.xcassets in Resources */ = {isa = PBXBuildFile; fileRef = 8BC3906829B716B600D243BB /* Preview Assets.xcassets */; };
		8BC3907029B719AA00D243BB /* PokemonModel.swift in Sources */ = {isa = PBXBuildFile; fileRef = 8BC3906F29B719AA00D243BB /* PokemonModel.swift */; };
		8BC3909229B7597500D243BB /* ListRow.swift in Sources */ = {isa = PBXBuildFile; fileRef = 8BC3909129B7597500D243BB /* ListRow.swift */; };
/* End PBXBuildFile section */

/* Begin PBXFileReference section */
		8B5C497629BA2C0800DC1CD7 /* PokemonAPIClient.swift */ = {isa = PBXFileReference; lastKnownFileType = sourcecode.swift; path = PokemonAPIClient.swift; sourceTree = "<group>"; };
		8B5C497829BA2E4800DC1CD7 /* PokemonViewModel.swift */ = {isa = PBXFileReference; lastKnownFileType = sourcecode.swift; path = PokemonViewModel.swift; sourceTree = "<group>"; };
		8B5C497D29BA39E000DC1CD7 /* ChartsView.swift */ = {isa = PBXFileReference; lastKnownFileType = sourcecode.swift; path = ChartsView.swift; sourceTree = "<group>"; };
		8B8E910129CFFBDB00FA2BC2 /* APIError.swift */ = {isa = PBXFileReference; lastKnownFileType = sourcecode.swift; path = APIError.swift; sourceTree = "<group>"; };
		8BC3905E29B716B500D243BB /* PokeDexApp.app */ = {isa = PBXFileReference; explicitFileType = wrapper.application; includeInIndex = 0; path = PokeDexApp.app; sourceTree = BUILT_PRODUCTS_DIR; };
		8BC3906129B716B500D243BB /* PokeDexAppApp.swift */ = {isa = PBXFileReference; lastKnownFileType = sourcecode.swift; path = PokeDexAppApp.swift; sourceTree = "<group>"; };
		8BC3906329B716B500D243BB /* PokemonListView.swift */ = {isa = PBXFileReference; lastKnownFileType = sourcecode.swift; path = PokemonListView.swift; sourceTree = "<group>"; };
		8BC3906529B716B600D243BB /* Assets.xcassets */ = {isa = PBXFileReference; lastKnownFileType = folder.assetcatalog; path = Assets.xcassets; sourceTree = "<group>"; };
		8BC3906829B716B600D243BB /* Preview Assets.xcassets */ = {isa = PBXFileReference; lastKnownFileType = folder.assetcatalog; path = "Preview Assets.xcassets"; sourceTree = "<group>"; };
		8BC3906F29B719AA00D243BB /* PokemonModel.swift */ = {isa = PBXFileReference; lastKnownFileType = sourcecode.swift; path = PokemonModel.swift; sourceTree = "<group>"; };
		8BC3909129B7597500D243BB /* ListRow.swift */ = {isa = PBXFileReference; lastKnownFileType = sourcecode.swift; path = ListRow.swift; sourceTree = "<group>"; };
/* End PBXFileReference section */

/* Begin PBXFrameworksBuildPhase section */
		8BC3905B29B716B500D243BB /* Frameworks */ = {
			isa = PBXFrameworksBuildPhase;
			buildActionMask = 2147483647;
			files = (
			);
			runOnlyForDeploymentPostprocessing = 0;
		};
/* End PBXFrameworksBuildPhase section */

/* Begin PBXGroup section */
		8B5C497A29BA2E7000DC1CD7 /* Model */ = {
			isa = PBXGroup;
			children = (
				8BC3906F29B719AA00D243BB /* PokemonModel.swift */,
				8B8E910129CFFBDB00FA2BC2 /* APIError.swift */,
				8B5C497629BA2C0800DC1CD7 /* PokemonAPIClient.swift */,
			);
			path = Model;
			sourceTree = "<group>";
		};
		8B5C497B29BA2E8000DC1CD7 /* ViewModel */ = {
			isa = PBXGroup;
			children = (
				8B5C497829BA2E4800DC1CD7 /* PokemonViewModel.swift */,
			);
			path = ViewModel;
			sourceTree = "<group>";
		};
		8B5C497C29BA2E8B00DC1CD7 /* View */ = {
			isa = PBXGroup;
			children = (
				8BC3906329B716B500D243BB /* PokemonListView.swift */,
				8B5C497D29BA39E000DC1CD7 /* ChartsView.swift */,
				8BC3909129B7597500D243BB /* ListRow.swift */,
			);
			path = View;
			sourceTree = "<group>";
		};
		8BC3905529B716B500D243BB = {
			isa = PBXGroup;
			children = (
				8BC3906029B716B500D243BB /* PokeDexApp */,
				8BC3905F29B716B500D243BB /* Products */,
			);
			sourceTree = "<group>";
		};
		8BC3905F29B716B500D243BB /* Products */ = {
			isa = PBXGroup;
			children = (
				8BC3905E29B716B500D243BB /* PokeDexApp.app */,
			);
			name = Products;
			sourceTree = "<group>";
		};
		8BC3906029B716B500D243BB /* PokeDexApp */ = {
			isa = PBXGroup;
			children = (
				8BC3906129B716B500D243BB /* PokeDexAppApp.swift */,
				8B5C497C29BA2E8B00DC1CD7 /* View */,
				8B5C497B29BA2E8000DC1CD7 /* ViewModel */,
				8B5C497A29BA2E7000DC1CD7 /* Model */,
				8BC3906529B716B600D243BB /* Assets.xcassets */,
				8BC3906729B716B600D243BB /* Preview Content */,
			);
			path = PokeDexApp;
			sourceTree = "<group>";
		};
		8BC3906729B716B600D243BB /* Preview Content */ = {
			isa = PBXGroup;
			children = (
				8BC3906829B716B600D243BB /* Preview Assets.xcassets */,
			);
			path = "Preview Content";
			sourceTree = "<group>";
		};
/* End PBXGroup section */

/* Begin PBXNativeTarget section */
		8BC3905D29B716B500D243BB /* PokeDexApp */ = {
			isa = PBXNativeTarget;
			buildConfigurationList = 8BC3906C29B716B600D243BB /* Build configuration list for PBXNativeTarget "PokeDexApp" */;
			buildPhases = (
				8BC3905A29B716B500D243BB /* Sources */,
				8BC3905B29B716B500D243BB /* Frameworks */,
				8BC3905C29B716B500D243BB /* Resources */,
			);
			buildRules = (
			);
			dependencies = (
			);
			name = PokeDexApp;
			productName = PokeDexApp;
			productReference = 8BC3905E29B716B500D243BB /* PokeDexApp.app */;
			productType = "com.apple.product-type.application";
		};
/* End PBXNativeTarget section */

/* Begin PBXProject section */
		8BC3905629B716B500D243BB /* Project object */ = {
			isa = PBXProject;
			attributes = {
				BuildIndependentTargetsInParallel = 1;
				LastSwiftUpdateCheck = 1420;
				LastUpgradeCheck = 1420;
				TargetAttributes = {
					8BC3905D29B716B500D243BB = {
						CreatedOnToolsVersion = 14.2;
					};
				};
			};
			buildConfigurationList = 8BC3905929B716B500D243BB /* Build configuration list for PBXProject "PokeDexApp" */;
			compatibilityVersion = "Xcode 14.0";
			developmentRegion = en;
			hasScannedForEncodings = 0;
			knownRegions = (
				en,
				Base,
			);
			mainGroup = 8BC3905529B716B500D243BB;
			productRefGroup = 8BC3905F29B716B500D243BB /* Products */;
			projectDirPath = "";
			projectRoot = "";
			targets = (
				8BC3905D29B716B500D243BB /* PokeDexApp */,
			);
		};
/* End PBXProject section */

/* Begin PBXResourcesBuildPhase section */
		8BC3905C29B716B500D243BB /* Resources */ = {
			isa = PBXResourcesBuildPhase;
			buildActionMask = 2147483647;
			files = (
				8BC3906929B716B600D243BB /* Preview Assets.xcassets in Resources */,
				8BC3906629B716B600D243BB /* Assets.xcassets in Resources */,
			);
			runOnlyForDeploymentPostprocessing = 0;
		};
/* End PBXResourcesBuildPhase section */

/* Begin PBXSourcesBuildPhase section */
		8BC3905A29B716B500D243BB /* Sources */ = {
			isa = PBXSourcesBuildPhase;
			buildActionMask = 2147483647;
			files = (
				8B5C497E29BA39E000DC1CD7 /* ChartsView.swift in Sources */,
				8BC3906429B716B500D243BB /* PokemonListView.swift in Sources */,
				8BC3907029B719AA00D243BB /* PokemonModel.swift in Sources */,
				8B5C497929BA2E4800DC1CD7 /* PokemonViewModel.swift in Sources */,
				8BC3906229B716B500D243BB /* PokeDexAppApp.swift in Sources */,
				8B8E910229CFFBDB00FA2BC2 /* APIError.swift in Sources */,
				8B5C497729BA2C0800DC1CD7 /* PokemonAPIClient.swift in Sources */,
				8BC3909229B7597500D243BB /* ListRow.swift in Sources */,
			);
			runOnlyForDeploymentPostprocessing = 0;
		};
/* End PBXSourcesBuildPhase section */

/* Begin XCBuildConfiguration section */
		8BC3906A29B716B600D243BB /* Debug */ = {
			isa = XCBuildConfiguration;
			buildSettings = {
				ALWAYS_SEARCH_USER_PATHS = NO;
				CLANG_ANALYZER_NONNULL = YES;
				CLANG_ANALYZER_NUMBER_OBJECT_CONVERSION = YES_AGGRESSIVE;
				CLANG_CXX_LANGUAGE_STANDARD = "gnu++20";
				CLANG_ENABLE_MODULES = YES;
				CLANG_ENABLE_OBJC_ARC = YES;
				CLANG_ENABLE_OBJC_WEAK = YES;
				CLANG_WARN_BLOCK_CAPTURE_AUTORELEASING = YES;
				CLANG_WARN_BOOL_CONVERSION = YES;
				CLANG_WARN_COMMA = YES;
				CLANG_WARN_CONSTANT_CONVERSION = YES;
				CLANG_WARN_DEPRECATED_OBJC_IMPLEMENTATIONS = YES;
				CLANG_WARN_DIRECT_OBJC_ISA_USAGE = YES_ERROR;
				CLANG_WARN_DOCUMENTATION_COMMENTS = YES;
				CLANG_WARN_EMPTY_BODY = YES;
				CLANG_WARN_ENUM_CONVERSION = YES;
				CLANG_WARN_INFINITE_RECURSION = YES;
				CLANG_WARN_INT_CONVERSION = YES;
				CLANG_WARN_NON_LITERAL_NULL_CONVERSION = YES;
				CLANG_WARN_OBJC_IMPLICIT_RETAIN_SELF = YES;
				CLANG_WARN_OBJC_LITERAL_CONVERSION = YES;
				CLANG_WARN_OBJC_ROOT_CLASS = YES_ERROR;
				CLANG_WARN_QUOTED_INCLUDE_IN_FRAMEWORK_HEADER = YES;
				CLANG_WARN_RANGE_LOOP_ANALYSIS = YES;
				CLANG_WARN_STRICT_PROTOTYPES = YES;
				CLANG_WARN_SUSPICIOUS_MOVE = YES;
				CLANG_WARN_UNGUARDED_AVAILABILITY = YES_AGGRESSIVE;
				CLANG_WARN_UNREACHABLE_CODE = YES;
				CLANG_WARN__DUPLICATE_METHOD_MATCH = YES;
				COPY_PHASE_STRIP = NO;
				DEBUG_INFORMATION_FORMAT = dwarf;
				ENABLE_STRICT_OBJC_MSGSEND = YES;
				ENABLE_TESTABILITY = YES;
				GCC_C_LANGUAGE_STANDARD = gnu11;
				GCC_DYNAMIC_NO_PIC = NO;
				GCC_NO_COMMON_BLOCKS = YES;
				GCC_OPTIMIZATION_LEVEL = 0;
				GCC_PREPROCESSOR_DEFINITIONS = (
					"DEBUG=1",
					"$(inherited)",
				);
				GCC_WARN_64_TO_32_BIT_CONVERSION = YES;
				GCC_WARN_ABOUT_RETURN_TYPE = YES_ERROR;
				GCC_WARN_UNDECLARED_SELECTOR = YES;
				GCC_WARN_UNINITIALIZED_AUTOS = YES_AGGRESSIVE;
				GCC_WARN_UNUSED_FUNCTION = YES;
				GCC_WARN_UNUSED_VARIABLE = YES;
				IPHONEOS_DEPLOYMENT_TARGET = 16.2;
				MTL_ENABLE_DEBUG_INFO = INCLUDE_SOURCE;
				MTL_FAST_MATH = YES;
				ONLY_ACTIVE_ARCH = YES;
				SDKROOT = iphoneos;
				SWIFT_ACTIVE_COMPILATION_CONDITIONS = DEBUG;
				SWIFT_OPTIMIZATION_LEVEL = "-Onone";
			};
			name = Debug;
		};
		8BC3906B29B716B600D243BB /* Release */ = {
			isa = XCBuildConfiguration;
			buildSettings = {
				ALWAYS_SEARCH_USER_PATHS = NO;
				CLANG_ANALYZER_NONNULL = YES;
				CLANG_ANALYZER_NUMBER_OBJECT_CONVERSION = YES_AGGRESSIVE;
				CLANG_CXX_LANGUAGE_STANDARD = "gnu++20";
				CLANG_ENABLE_MODULES = YES;
				CLANG_ENABLE_OBJC_ARC = YES;
				CLANG_ENABLE_OBJC_WEAK = YES;
				CLANG_WARN_BLOCK_CAPTURE_AUTORELEASING = YES;
				CLANG_WARN_BOOL_CONVERSION = YES;
				CLANG_WARN_COMMA = YES;
				CLANG_WARN_CONSTANT_CONVERSION = YES;
				CLANG_WARN_DEPRECATED_OBJC_IMPLEMENTATIONS = YES;
				CLANG_WARN_DIRECT_OBJC_ISA_USAGE = YES_ERROR;
				CLANG_WARN_DOCUMENTATION_COMMENTS = YES;
				CLANG_WARN_EMPTY_BODY = YES;
				CLANG_WARN_ENUM_CONVERSION = YES;
				CLANG_WARN_INFINITE_RECURSION = YES;
				CLANG_WARN_INT_CONVERSION = YES;
				CLANG_WARN_NON_LITERAL_NULL_CONVERSION = YES;
				CLANG_WARN_OBJC_IMPLICIT_RETAIN_SELF = YES;
				CLANG_WARN_OBJC_LITERAL_CONVERSION = YES;
				CLANG_WARN_OBJC_ROOT_CLASS = YES_ERROR;
				CLANG_WARN_QUOTED_INCLUDE_IN_FRAMEWORK_HEADER = YES;
				CLANG_WARN_RANGE_LOOP_ANALYSIS = YES;
				CLANG_WARN_STRICT_PROTOTYPES = YES;
				CLANG_WARN_SUSPICIOUS_MOVE = YES;
				CLANG_WARN_UNGUARDED_AVAILABILITY = YES_AGGRESSIVE;
				CLANG_WARN_UNREACHABLE_CODE = YES;
				CLANG_WARN__DUPLICATE_METHOD_MATCH = YES;
				COPY_PHASE_STRIP = NO;
				DEBUG_INFORMATION_FORMAT = "dwarf-with-dsym";
				ENABLE_NS_ASSERTIONS = NO;
				ENABLE_STRICT_OBJC_MSGSEND = YES;
				GCC_C_LANGUAGE_STANDARD = gnu11;
				GCC_NO_COMMON_BLOCKS = YES;
				GCC_WARN_64_TO_32_BIT_CONVERSION = YES;
				GCC_WARN_ABOUT_RETURN_TYPE = YES_ERROR;
				GCC_WARN_UNDECLARED_SELECTOR = YES;
				GCC_WARN_UNINITIALIZED_AUTOS = YES_AGGRESSIVE;
				GCC_WARN_UNUSED_FUNCTION = YES;
				GCC_WARN_UNUSED_VARIABLE = YES;
				IPHONEOS_DEPLOYMENT_TARGET = 16.2;
				MTL_ENABLE_DEBUG_INFO = NO;
				MTL_FAST_MATH = YES;
				SDKROOT = iphoneos;
				SWIFT_COMPILATION_MODE = wholemodule;
				SWIFT_OPTIMIZATION_LEVEL = "-O";
				VALIDATE_PRODUCT = YES;
			};
			name = Release;
		};
		8BC3906D29B716B600D243BB /* Debug */ = {
			isa = XCBuildConfiguration;
			buildSettings = {
				ASSETCATALOG_COMPILER_APPICON_NAME = AppIcon;
				ASSETCATALOG_COMPILER_GLOBAL_ACCENT_COLOR_NAME = AccentColor;
				CODE_SIGN_STYLE = Automatic;
				CURRENT_PROJECT_VERSION = 1;
				DEVELOPMENT_ASSET_PATHS = "\"PokeDexApp/Preview Content\"";
				DEVELOPMENT_TEAM = 7PSW8M3W4F;
				ENABLE_PREVIEWS = YES;
				GENERATE_INFOPLIST_FILE = YES;
				INFOPLIST_KEY_UIApplicationSceneManifest_Generation = YES;
				INFOPLIST_KEY_UIApplicationSupportsIndirectInputEvents = YES;
				INFOPLIST_KEY_UILaunchScreen_Generation = YES;
				INFOPLIST_KEY_UISupportedInterfaceOrientations_iPad = "UIInterfaceOrientationPortrait UIInterfaceOrientationPortraitUpsideDown UIInterfaceOrientationLandscapeLeft UIInterfaceOrientationLandscapeRight";
				INFOPLIST_KEY_UISupportedInterfaceOrientations_iPhone = "UIInterfaceOrientationPortrait UIInterfaceOrientationLandscapeLeft UIInterfaceOrientationLandscapeRight";
				LD_RUNPATH_SEARCH_PATHS = (
					"$(inherited)",
					"@executable_path/Frameworks",
				);
				MARKETING_VERSION = 1.0;
				PRODUCT_BUNDLE_IDENTIFIER = com.watanabe.PokeDexApp;
				PRODUCT_NAME = "$(TARGET_NAME)";
				SWIFT_EMIT_LOC_STRINGS = YES;
				SWIFT_VERSION = 5.0;
				TARGETED_DEVICE_FAMILY = "1,2";
			};
			name = Debug;
		};
		8BC3906E29B716B600D243BB /* Release */ = {
			isa = XCBuildConfiguration;
			buildSettings = {
				ASSETCATALOG_COMPILER_APPICON_NAME = AppIcon;
				ASSETCATALOG_COMPILER_GLOBAL_ACCENT_COLOR_NAME = AccentColor;
				CODE_SIGN_STYLE = Automatic;
				CURRENT_PROJECT_VERSION = 1;
				DEVELOPMENT_ASSET_PATHS = "\"PokeDexApp/Preview Content\"";
				DEVELOPMENT_TEAM = 7PSW8M3W4F;
				ENABLE_PREVIEWS = YES;
				GENERATE_INFOPLIST_FILE = YES;
				INFOPLIST_KEY_UIApplicationSceneManifest_Generation = YES;
				INFOPLIST_KEY_UIApplicationSupportsIndirectInputEvents = YES;
				INFOPLIST_KEY_UILaunchScreen_Generation = YES;
				INFOPLIST_KEY_UISupportedInterfaceOrientations_iPad = "UIInterfaceOrientationPortrait UIInterfaceOrientationPortraitUpsideDown UIInterfaceOrientationLandscapeLeft UIInterfaceOrientationLandscapeRight";
				INFOPLIST_KEY_UISupportedInterfaceOrientations_iPhone = "UIInterfaceOrientationPortrait UIInterfaceOrientationLandscapeLeft UIInterfaceOrientationLandscapeRight";
				LD_RUNPATH_SEARCH_PATHS = (
					"$(inherited)",
					"@executable_path/Frameworks",
				);
				MARKETING_VERSION = 1.0;
				PRODUCT_BUNDLE_IDENTIFIER = com.watanabe.PokeDexApp;
				PRODUCT_NAME = "$(TARGET_NAME)";
				SWIFT_EMIT_LOC_STRINGS = YES;
				SWIFT_VERSION = 5.0;
				TARGETED_DEVICE_FAMILY = "1,2";
			};
			name = Release;
		};
/* End XCBuildConfiguration section */

/* Begin XCConfigurationList section */
		8BC3905929B716B500D243BB /* Build configuration list for PBXProject "PokeDexApp" */ = {
			isa = XCConfigurationList;
			buildConfigurations = (
				8BC3906A29B716B600D243BB /* Debug */,
				8BC3906B29B716B600D243BB /* Release */,
			);
			defaultConfigurationIsVisible = 0;
			defaultConfigurationName = Release;
		};
		8BC3906C29B716B600D243BB /* Build configuration list for PBXNativeTarget "PokeDexApp" */ = {
			isa = XCConfigurationList;
			buildConfigurations = (
				8BC3906D29B716B600D243BB /* Debug */,
				8BC3906E29B716B600D243BB /* Release */,
			);
			defaultConfigurationIsVisible = 0;
			defaultConfigurationName = Release;
		};
/* End XCConfigurationList section */
	};
	rootObject = 8BC3905629B716B500D243BB /* Project object */;
}
